
Microsoft Visual Studio Solution File, Format Version 12.00
# Visual Studio Version 17
VisualStudioVersion = 17.0.31912.275
MinimumVisualStudioVersion = 10.0.40219.1
Project("{9A19103F-16F7-4668-BE54-9A1E7A4F7556}") = "Web", "Web\Web.csproj", "{4DC8C791-5839-4094-8981-1CFF5144A7FC}"
EndProject
Project("{9A19103F-16F7-4668-BE54-9A1E7A4F7556}") = "Api", "Api\Api.csproj", "{209B92F3-A069-4798-BBAE-0165C4582135}"
EndProject
Project("{9A19103F-16F7-4668-BE54-9A1E7A4F7556}") = "Domain", "Domain\Domain.csproj", "{1DC3B1C3-6DFB-4520-AB07-1B745B1BA613}"
EndProject
#endif
	GlobalSection(SolutionConfigurationPlatforms) = preSolution
		Debug|Any CPU = Debug|Any CPU
		Release|Any CPU = Release|Any CPU
	EndGlobalSection
	GlobalSection(ProjectConfigurationPlatforms) = postSolution
		{4DC8C791-5839-4094-8981-1CFF5144A7FC}.Debug|Any CPU.ActiveCfg = Debug|Any CPU
		{4DC8C791-5839-4094-8981-1CFF5144A7FC}.Debug|Any CPU.Build.0 = Debug|Any CPU
		{4DC8C791-5839-4094-8981-1CFF5144A7FC}.Release|Any CPU.ActiveCfg = Release|Any CPU
		{4DC8C791-5839-4094-8981-1CFF5144A7FC}.Release|Any CPU.Build.0 = Release|Any CPU
		{209B92F3-A069-4798-BBAE-0165C4582135}.Debug|Any CPU.ActiveCfg = Debug|Any CPU
		{209B92F3-A069-4798-BBAE-0165C4582135}.Debug|Any CPU.Build.0 = Debug|Any CPU
		{209B92F3-A069-4798-BBAE-0165C4582135}.Release|Any CPU.ActiveCfg = Release|Any CPU
		{209B92F3-A069-4798-BBAE-0165C4582135}.Release|Any CPU.Build.0 = Release|Any CPU
		{1DC3B1C3-6DFB-4520-AB07-1B745B1BA613}.Debug|Any CPU.ActiveCfg = Debug|Any CPU
		{1DC3B1C3-6DFB-4520-AB07-1B745B1BA613}.Debug|Any CPU.Build.0 = Debug|Any CPU
		{1DC3B1C3-6DFB-4520-AB07-1B745B1BA613}.Release|Any CPU.ActiveCfg = Release|Any CPU
		{1DC3B1C3-6DFB-4520-AB07-1B745B1BA613}.Release|Any CPU.Build.0 = Release|Any CPU
	EndGlobalSection
	GlobalSection(SolutionProperties) = preSolution
		HideSolutionNode = FALSE
	EndGlobalSection
	GlobalSection(ExtensibilityGlobals) = postSolution
		SolutionGuid = {40C57560-23AB-4F5F-BC3F-354A167E5A8B}
	EndGlobalSection
EndGlobal
